
Microsoft Visual Studio Solution File, Format Version 12.00
# Visual Studio Version 16
VisualStudioVersion = 16.0.29905.134
MinimumVisualStudioVersion = 10.0.40219.1
Project("{FAE04EC0-301F-11D3-BF4B-00C04F79EFBC}") = "AgoraLog", "AgoraLog\AgoraLog.csproj", "{BB45E19D-CA0E-4972-9421-1892F9C4E131}"
EndProject
Project("{FAE04EC0-301F-11D3-BF4B-00C04F79EFBC}") = "TestProject", "TestProject\TestProject.csproj", "{08823008-B137-4CE5-93A8-7B326DB049A0}"
EndProject
Global
	GlobalSection(SolutionConfigurationPlatforms) = preSolution
		Debug|Any CPU = Debug|Any CPU
		Release|Any CPU = Release|Any CPU
	EndGlobalSection
	GlobalSection(ProjectConfigurationPlatforms) = postSolution
		{BB45E19D-CA0E-4972-9421-1892F9C4E131}.Debug|Any CPU.ActiveCfg = Debug|Any CPU
		{BB45E19D-CA0E-4972-9421-1892F9C4E131}.Debug|Any CPU.Build.0 = Debug|Any CPU
		{BB45E19D-CA0E-4972-9421-1892F9C4E131}.Release|Any CPU.ActiveCfg = Release|Any CPU
		{BB45E19D-CA0E-4972-9421-1892F9C4E131}.Release|Any CPU.Build.0 = Release|Any CPU
		{08823008-B137-4CE5-93A8-7B326DB049A0}.Debug|Any CPU.ActiveCfg = Debug|Any CPU
		{08823008-B137-4CE5-93A8-7B326DB049A0}.Debug|Any CPU.Build.0 = Debug|Any CPU
		{08823008-B137-4CE5-93A8-7B326DB049A0}.Release|Any CPU.ActiveCfg = Release|Any CPU
		{08823008-B137-4CE5-93A8-7B326DB049A0}.Release|Any CPU.Build.0 = Release|Any CPU
	EndGlobalSection
	GlobalSection(SolutionProperties) = preSolution
		HideSolutionNode = FALSE
	EndGlobalSection
	GlobalSection(ExtensibilityGlobals) = postSolution
		SolutionGuid = {40A6670C-C548-4CCB-B5FC-484FE1980B34}
	EndGlobalSection
EndGlobal
